
Microsoft Visual Studio Solution File, Format Version 12.00
Project("{FAE04EC0-301F-11D3-BF4B-00C04F79EFBC}") = "AccountService.Domain", "AccountService.Domain\AccountService.Domain.csproj", "{7BCBD745-739A-4634-B993-755BEE6EB4FD}"
EndProject
Project("{FAE04EC0-301F-11D3-BF4B-00C04F79EFBC}") = "AccountService.Application", "AccountService.Application\AccountService.Application.csproj", "{4BE38FE3-F547-494C-8F15-E8E98F3C63CD}"
EndProject
Project("{FAE04EC0-301F-11D3-BF4B-00C04F79EFBC}") = "AccountService.Persistence", "AccountService.Persistence\AccountService.Persistence.csproj", "{C6959621-9B21-4ABC-B9F1-A3C7D28CCD8A}"
EndProject
Project("{FAE04EC0-301F-11D3-BF4B-00C04F79EFBC}") = "AccountService.API", "AccountService.API\AccountService.API.csproj", "{523EDCBB-F6A6-43D4-A1AB-CA04F4DE5392}"
EndProject
Global
	GlobalSection(SolutionConfigurationPlatforms) = preSolution
		Debug|Any CPU = Debug|Any CPU
		Release|Any CPU = Release|Any CPU
	EndGlobalSection
	GlobalSection(ProjectConfigurationPlatforms) = postSolution
		{7BCBD745-739A-4634-B993-755BEE6EB4FD}.Debug|Any CPU.ActiveCfg = Debug|Any CPU
		{7BCBD745-739A-4634-B993-755BEE6EB4FD}.Debug|Any CPU.Build.0 = Debug|Any CPU
		{7BCBD745-739A-4634-B993-755BEE6EB4FD}.Release|Any CPU.ActiveCfg = Release|Any CPU
		{7BCBD745-739A-4634-B993-755BEE6EB4FD}.Release|Any CPU.Build.0 = Release|Any CPU
		{4BE38FE3-F547-494C-8F15-E8E98F3C63CD}.Debug|Any CPU.ActiveCfg = Debug|Any CPU
		{4BE38FE3-F547-494C-8F15-E8E98F3C63CD}.Debug|Any CPU.Build.0 = Debug|Any CPU
		{4BE38FE3-F547-494C-8F15-E8E98F3C63CD}.Release|Any CPU.ActiveCfg = Release|Any CPU
		{4BE38FE3-F547-494C-8F15-E8E98F3C63CD}.Release|Any CPU.Build.0 = Release|Any CPU
		{C6959621-9B21-4ABC-B9F1-A3C7D28CCD8A}.Debug|Any CPU.ActiveCfg = Debug|Any CPU
		{C6959621-9B21-4ABC-B9F1-A3C7D28CCD8A}.Debug|Any CPU.Build.0 = Debug|Any CPU
		{C6959621-9B21-4ABC-B9F1-A3C7D28CCD8A}.Release|Any CPU.ActiveCfg = Release|Any CPU
		{C6959621-9B21-4ABC-B9F1-A3C7D28CCD8A}.Release|Any CPU.Build.0 = Release|Any CPU
		{523EDCBB-F6A6-43D4-A1AB-CA04F4DE5392}.Debug|Any CPU.ActiveCfg = Debug|Any CPU
		{523EDCBB-F6A6-43D4-A1AB-CA04F4DE5392}.Debug|Any CPU.Build.0 = Debug|Any CPU
		{523EDCBB-F6A6-43D4-A1AB-CA04F4DE5392}.Release|Any CPU.ActiveCfg = Release|Any CPU
		{523EDCBB-F6A6-43D4-A1AB-CA04F4DE5392}.Release|Any CPU.Build.0 = Release|Any CPU
	EndGlobalSection
EndGlobal
